
Microsoft Visual Studio Solution File, Format Version 9.00
# Visual C++ Express 2005
Project("{8BC9CEB8-8B4A-11D0-8D11-00A0C91BC942}") = "Blocks3D", "Blocks3D.vcproj", "{6C4D6EEF-B1D1-456A-B850-92CAB17124BE}"
EndProject
Project("{8BC9CEB8-8B4A-11D0-8D11-00A0C91BC942}") = "graphics3D", "Rendering\g3d\graphics3D.vcproj", "{3307C0B9-2FAC-4834-B9B8-D339A047C6B4}"
EndProject
Project("{8BC9CEB8-8B4A-11D0-8D11-00A0C91BC942}") = "zlib", "Rendering\g3d\zlib\zlib.vcproj", "{0FDA1116-2952-408D-90B4-DCACFD39B628}"
EndProject
Project("{8BC9CEB8-8B4A-11D0-8D11-00A0C91BC942}") = "GLG3D", "Rendering\g3d\GLG3D.vcproj", "{F1525EF0-32D5-4251-9856-24F2C1B2A9A9}"
EndProject
Global
	GlobalSection(SolutionConfigurationPlatforms) = preSolution
		Debug|Win32 = Debug|Win32
		Release|Win32 = Release|Win32
	EndGlobalSection
	GlobalSection(ProjectConfigurationPlatforms) = postSolution
		{6C4D6EEF-B1D1-456A-B850-92CAB17124BE}.Debug|Win32.ActiveCfg = Debug|Win32
		{6C4D6EEF-B1D1-456A-B850-92CAB17124BE}.Debug|Win32.Build.0 = Debug|Win32
		{6C4D6EEF-B1D1-456A-B850-92CAB17124BE}.Release|Win32.ActiveCfg = Release|Win32
		{6C4D6EEF-B1D1-456A-B850-92CAB17124BE}.Release|Win32.Build.0 = Release|Win32
		{3307C0B9-2FAC-4834-B9B8-D339A047C6B4}.Debug|Win32.ActiveCfg = Debug|Win32
		{3307C0B9-2FAC-4834-B9B8-D339A047C6B4}.Debug|Win32.Build.0 = Debug|Win32
		{3307C0B9-2FAC-4834-B9B8-D339A047C6B4}.Release|Win32.ActiveCfg = Release|Win32
		{3307C0B9-2FAC-4834-B9B8-D339A047C6B4}.Release|Win32.Build.0 = Release|Win32
		{0FDA1116-2952-408D-90B4-DCACFD39B628}.Debug|Win32.ActiveCfg = Release|Win32
		{0FDA1116-2952-408D-90B4-DCACFD39B628}.Debug|Win32.Build.0 = Release|Win32
		{0FDA1116-2952-408D-90B4-DCACFD39B628}.Release|Win32.ActiveCfg = Release|Win32
		{0FDA1116-2952-408D-90B4-DCACFD39B628}.Release|Win32.Build.0 = Release|Win32
		{F1525EF0-32D5-4251-9856-24F2C1B2A9A9}.Debug|Win32.ActiveCfg = Debug|Win32
		{F1525EF0-32D5-4251-9856-24F2C1B2A9A9}.Debug|Win32.Build.0 = Debug|Win32
		{F1525EF0-32D5-4251-9856-24F2C1B2A9A9}.Release|Win32.ActiveCfg = Release|Win32
		{F1525EF0-32D5-4251-9856-24F2C1B2A9A9}.Release|Win32.Build.0 = Release|Win32
	EndGlobalSection
	GlobalSection(SolutionProperties) = preSolution
		HideSolutionNode = FALSE
	EndGlobalSection
EndGlobal
